
Microsoft Visual Studio Solution File, Format Version 12.00
# Visual Studio Version 16
VisualStudioVersion = 16.0.31005.135
MinimumVisualStudioVersion = 10.0.40219.1
Project("{8BC9CEB8-8B4A-11D0-8D11-00A0C91BC942}") = "Lab_2_2", "Lab_2_2\Lab_2_2.vcxproj", "{5E364522-307D-4B41-B8F5-052792EFB480}"
EndProject
Project("{8BC9CEB8-8B4A-11D0-8D11-00A0C91BC942}") = "UnitTest_1", "UnitTest_1\UnitTest_1.vcxproj", "{0474DB5F-2579-4B25-A551-A3498EC71316}"
EndProject
Global
	GlobalSection(SolutionConfigurationPlatforms) = preSolution
		Debug|x64 = Debug|x64
		Debug|x86 = Debug|x86
		Release|x64 = Release|x64
		Release|x86 = Release|x86
	EndGlobalSection
	GlobalSection(ProjectConfigurationPlatforms) = postSolution
		{5E364522-307D-4B41-B8F5-052792EFB480}.Debug|x64.ActiveCfg = Debug|x64
		{5E364522-307D-4B41-B8F5-052792EFB480}.Debug|x64.Build.0 = Debug|x64
		{5E364522-307D-4B41-B8F5-052792EFB480}.Debug|x86.ActiveCfg = Debug|Win32
		{5E364522-307D-4B41-B8F5-052792EFB480}.Debug|x86.Build.0 = Debug|Win32
		{5E364522-307D-4B41-B8F5-052792EFB480}.Release|x64.ActiveCfg = Release|x64
		{5E364522-307D-4B41-B8F5-052792EFB480}.Release|x64.Build.0 = Release|x64
		{5E364522-307D-4B41-B8F5-052792EFB480}.Release|x86.ActiveCfg = Release|Win32
		{5E364522-307D-4B41-B8F5-052792EFB480}.Release|x86.Build.0 = Release|Win32
		{0474DB5F-2579-4B25-A551-A3498EC71316}.Debug|x64.ActiveCfg = Debug|x64
		{0474DB5F-2579-4B25-A551-A3498EC71316}.Debug|x64.Build.0 = Debug|x64
		{0474DB5F-2579-4B25-A551-A3498EC71316}.Debug|x86.ActiveCfg = Debug|Win32
		{0474DB5F-2579-4B25-A551-A3498EC71316}.Debug|x86.Build.0 = Debug|Win32
		{0474DB5F-2579-4B25-A551-A3498EC71316}.Release|x64.ActiveCfg = Release|x64
		{0474DB5F-2579-4B25-A551-A3498EC71316}.Release|x64.Build.0 = Release|x64
		{0474DB5F-2579-4B25-A551-A3498EC71316}.Release|x86.ActiveCfg = Release|Win32
		{0474DB5F-2579-4B25-A551-A3498EC71316}.Release|x86.Build.0 = Release|Win32
	EndGlobalSection
	GlobalSection(SolutionProperties) = preSolution
		HideSolutionNode = FALSE
	EndGlobalSection
	GlobalSection(ExtensibilityGlobals) = postSolution
		SolutionGuid = {59C5F785-F9FA-4B2E-AC1E-9A7B88022DBD}
	EndGlobalSection
EndGlobal
